
Microsoft Visual Studio Solution File, Format Version 12.00
# Visual Studio Version 17
VisualStudioVersion = 17.5.33516.290
MinimumVisualStudioVersion = 10.0.40219.1
Project("{FAE04EC0-301F-11D3-BF4B-00C04F79EFBC}") = "TheLaptopStore", "TheLaptopStore.csproj", "{7AAC67F3-F0B4-4CB4-8D4F-885A9B263773}"
EndProject
Global
	GlobalSection(SolutionConfigurationPlatforms) = preSolution
		Debug|Any CPU = Debug|Any CPU
		Release|Any CPU = Release|Any CPU
	EndGlobalSection
	GlobalSection(ProjectConfigurationPlatforms) = postSolution
		{7AAC67F3-F0B4-4CB4-8D4F-885A9B263773}.Debug|Any CPU.ActiveCfg = Debug|Any CPU
		{7AAC67F3-F0B4-4CB4-8D4F-885A9B263773}.Debug|Any CPU.Build.0 = Debug|Any CPU
		{7AAC67F3-F0B4-4CB4-8D4F-885A9B263773}.Release|Any CPU.ActiveCfg = Release|Any CPU
		{7AAC67F3-F0B4-4CB4-8D4F-885A9B263773}.Release|Any CPU.Build.0 = Release|Any CPU
	EndGlobalSection
	GlobalSection(SolutionProperties) = preSolution
		HideSolutionNode = FALSE
	EndGlobalSection
	GlobalSection(ExtensibilityGlobals) = postSolution
		SolutionGuid = {0D7AE862-E0F8-464A-A899-23A16B27C100}
	EndGlobalSection
EndGlobal
